dependencies:
  espressif/ds18b20:
    component_hash: 87a753636db56dbb42633b8fdd615c63c5e752ec9c9629e6386d8115f36efc30
    dependencies:
    - name: espressif/onewire_bus
      registry_url: https://components.espressif.com
      require: private
      version: ^1.0.0
    source:
      registry_url: https://components.espressif.com/
      type: service
    version: 0.1.2
  espressif/onewire_bus:
    component_hash: 11729fd9a5de80225177a61e9cd77de91683b8ec300e83710d5327b666dbe884
    dependencies:
    - name: idf
      require: private
      version: '>=5.0'
    source:
      registry_url: https://components.espressif.com
      type: service
    version: 1.0.4
  idf:
    source:
      type: idf
    version: 5.4.2
  protocol_examples_common:
    dependencies: []
    source:
      path: /home/hbarta/esp/esp-idf/examples/common_components/protocol_examples_common
      type: local
    version: '*'
direct_dependencies:
- espressif/ds18b20
- protocol_examples_common
manifest_hash: e2c4556dd120d4b056d97daf701883555d833147db637a8435e796d80f18e574
target: esp32c3
version: 2.0.0
